<?xml version="1.0" encoding="utf-8"?>
<Project ToolsVersion="4.0" xmlns="http://schemas.microsoft.com/developer/msbuild/2003">
  <ItemGroup>
    <Filter Include="Include">
      <UniqueIdentifier>{579c2b74-cc75-46bc-be1d-735fdbaac350}</UniqueIdentifier>
      <Extensions>h</Extensions>
    </Filter>
    <Filter Include="Source">
      <UniqueIdentifier>{4ea8a24d-eb1a-4a94-ad4c-b3489508c16c}</UniqueIdentifier>
      <Extensions>cpp</Extensions>
    </Filter>
  </ItemGroup>
  <ItemGroup>
    <ClCompile Include="Source\Framework.cpp">
      <Filter>Source</Filter>
    </ClCompile>
    <ClCompile Include="Source\Mesh.cpp">
      <Filter>Source</Filter>
    </ClCompile>
  </ItemGroup>
  <ItemGroup>
    <ClInclude Include="Include\Framework.h">
      <Filter>Include</Filter>
    </ClInclude>
    <ClInclude Include="Include\Mesh.h">
      <Filter>Include</Filter>
    </ClInclude>
    <ClInclude Include="Include\Common.h">
      <Filter>Include</Filter>
    </ClInclude>
  </ItemGroup>
</Project>